# herdr-lazy lock — resolved plugin set at last sync.
# Each `owner/repo@commit` reproduces exactly via `plugin install --ref`.
# Commits come from herdr's own `source.resolved_commit`.

natori-hrj/herdr-lazy@af04940905852b29bc2ecbf9067eeb42cdb83ee3
devashish2203/herdr-worktrunk@a3107ca566bafcd463bc138007a0c01051970784
thanhdat77/herdr-navigator@68064d53d25c53b6947d50c5ba440e9dc3b47b21
cloudmanic/herdr-plus@a9aca9da3ca6d7406f3d878a1df1c1b9775e2723
razajamil/herdr-plugin-workspace-manager@0da7e74999ba1cc7937b2b1787db1779febef031
wyattjoh/herdr-plugin-gh-pr@6fe22de9a90c569f2186595cfddc3707f55ba1bd
yankewei/herdr-focus-notify@a7d17a532304e285a791749cb5d7b706b6a7ecb9
ramarivera/herdr-palette@0478a908afd4f0775d8165765dcdc7d70a6e5ac1
JanTvrdik/herdr-command-palette@eab940018c2135ac23718efa11e23e9dddcd2a75
